
Microsoft Visual Studio Solution File, Format Version 12.00
# Visual Studio Version 17
VisualStudioVersion = 17.7.34031.279
MinimumVisualStudioVersion = 10.0.40219.1
Project("{9A19103F-16F7-4668-BE54-9A1E7A4F7556}") = "CinemaTicketBooking.Server", "CinemaTicketBooking.Server\CinemaTicketBooking.Server.csproj", "{62018F80-2F98-456A-B4F2-8394FDE6947E}"
EndProject
Project("{FAE04EC0-301F-11D3-BF4B-00C04F79EFBC}") = "CinemaTicketBooking.CatFactory.Dapper", "CinemaTicketBooking.CatFactory.Dapper\CinemaTicketBooking.CatFactory.Dapper.csproj", "{4511D344-C1FD-407F-8A33-A2670E2EA21A}"
EndProject
Global
	GlobalSection(SolutionConfigurationPlatforms) = preSolution
		Debug|Any CPU = Debug|Any CPU
		Release|Any CPU = Release|Any CPU
	EndGlobalSection
	GlobalSection(ProjectConfigurationPlatforms) = postSolution
		{62018F80-2F98-456A-B4F2-8394FDE6947E}.Debug|Any CPU.ActiveCfg = Debug|Any CPU
		{62018F80-2F98-456A-B4F2-8394FDE6947E}.Debug|Any CPU.Build.0 = Debug|Any CPU
		{62018F80-2F98-456A-B4F2-8394FDE6947E}.Release|Any CPU.ActiveCfg = Release|Any CPU
		{62018F80-2F98-456A-B4F2-8394FDE6947E}.Release|Any CPU.Build.0 = Release|Any CPU
		{4511D344-C1FD-407F-8A33-A2670E2EA21A}.Debug|Any CPU.ActiveCfg = Debug|Any CPU
		{4511D344-C1FD-407F-8A33-A2670E2EA21A}.Debug|Any CPU.Build.0 = Debug|Any CPU
		{4511D344-C1FD-407F-8A33-A2670E2EA21A}.Release|Any CPU.ActiveCfg = Release|Any CPU
		{4511D344-C1FD-407F-8A33-A2670E2EA21A}.Release|Any CPU.Build.0 = Release|Any CPU
	EndGlobalSection
	GlobalSection(SolutionProperties) = preSolution
		HideSolutionNode = FALSE
	EndGlobalSection
	GlobalSection(ExtensibilityGlobals) = postSolution
		SolutionGuid = {6A50190A-0071-4875-B22A-CC0058F79281}
	EndGlobalSection
EndGlobal
